
Microsoft Visual Studio Solution File, Format Version 12.00
# Visual Studio Version 17
VisualStudioVersion = 17.14.36518.9 d17.14
MinimumVisualStudioVersion = 10.0.40219.1
Project("{FAE04EC0-301F-11D3-BF4B-00C04F79EFBC}") = "DisasterAlleviationApp", "DisasterAlleviationApp\DisasterAlleviationApp.csproj", "{F5337767-A5E0-4093-8349-FBFE847ED9D5}"
EndProject
Project("{FAE04EC0-301F-11D3-BF4B-00C04F79EFBC}") = "DisasterAlleviationApp.Tests", "DisasterAlleviationApp.Tests\DisasterAlleviationApp.Tests.csproj", "{E164019C-C3EC-49FA-81E8-CF6DEA31BE39}"
EndProject
Project("{FAE04EC0-301F-11D3-BF4B-00C04F79EFBC}") = "DisasterAlleviationApp.IntegrationTests", "DisasterAlleviationApp.IntegrationTests\DisasterAlleviationApp.IntegrationTests.csproj", "{413261F3-4EDB-41C5-8D5E-2156C9A40ED0}"
EndProject
Global
	GlobalSection(SolutionConfigurationPlatforms) = preSolution
		Debug|Any CPU = Debug|Any CPU
		Release|Any CPU = Release|Any CPU
	EndGlobalSection
	GlobalSection(ProjectConfigurationPlatforms) = postSolution
		{F5337767-A5E0-4093-8349-FBFE847ED9D5}.Debug|Any CPU.ActiveCfg = Debug|Any CPU
		{F5337767-A5E0-4093-8349-FBFE847ED9D5}.Debug|Any CPU.Build.0 = Debug|Any CPU
		{F5337767-A5E0-4093-8349-FBFE847ED9D5}.Release|Any CPU.ActiveCfg = Release|Any CPU
		{F5337767-A5E0-4093-8349-FBFE847ED9D5}.Release|Any CPU.Build.0 = Release|Any CPU
		{E164019C-C3EC-49FA-81E8-CF6DEA31BE39}.Debug|Any CPU.ActiveCfg = Debug|Any CPU
		{E164019C-C3EC-49FA-81E8-CF6DEA31BE39}.Debug|Any CPU.Build.0 = Debug|Any CPU
		{E164019C-C3EC-49FA-81E8-CF6DEA31BE39}.Release|Any CPU.ActiveCfg = Release|Any CPU
		{E164019C-C3EC-49FA-81E8-CF6DEA31BE39}.Release|Any CPU.Build.0 = Release|Any CPU
		{413261F3-4EDB-41C5-8D5E-2156C9A40ED0}.Debug|Any CPU.ActiveCfg = Debug|Any CPU
		{413261F3-4EDB-41C5-8D5E-2156C9A40ED0}.Debug|Any CPU.Build.0 = Debug|Any CPU
		{413261F3-4EDB-41C5-8D5E-2156C9A40ED0}.Release|Any CPU.ActiveCfg = Release|Any CPU
		{413261F3-4EDB-41C5-8D5E-2156C9A40ED0}.Release|Any CPU.Build.0 = Release|Any CPU
	EndGlobalSection
	GlobalSection(SolutionProperties) = preSolution
		HideSolutionNode = FALSE
	EndGlobalSection
	GlobalSection(ExtensibilityGlobals) = postSolution
		SolutionGuid = {C9B021F0-BF95-46FD-BFA2-E18704594F4E}
	EndGlobalSection
EndGlobal
